
Microsoft Visual Studio Solution File, Format Version 12.00
# Visual Studio Version 17
VisualStudioVersion = 17.0.32112.339
MinimumVisualStudioVersion = 10.0.40219.1
Project("{FAE04EC0-301F-11D3-BF4B-00C04F79EFBC}") = "NedraTriangle", "NedraTriangle.csproj", "{78A64035-CBDA-4B7B-92B5-21AD4C3C9750}"
EndProject
Global
	GlobalSection(SolutionConfigurationPlatforms) = preSolution
		Debug|Any CPU = Debug|Any CPU
		Release|Any CPU = Release|Any CPU
	EndGlobalSection
	GlobalSection(ProjectConfigurationPlatforms) = postSolution
		{78A64035-CBDA-4B7B-92B5-21AD4C3C9750}.Debug|Any CPU.ActiveCfg = Debug|Any CPU
		{78A64035-CBDA-4B7B-92B5-21AD4C3C9750}.Debug|Any CPU.Build.0 = Debug|Any CPU
		{78A64035-CBDA-4B7B-92B5-21AD4C3C9750}.Release|Any CPU.ActiveCfg = Release|Any CPU
		{78A64035-CBDA-4B7B-92B5-21AD4C3C9750}.Release|Any CPU.Build.0 = Release|Any CPU
	EndGlobalSection
	GlobalSection(SolutionProperties) = preSolution
		HideSolutionNode = FALSE
	EndGlobalSection
	GlobalSection(ExtensibilityGlobals) = postSolution
		SolutionGuid = {909F841E-D1D1-4D3B-8B60-DE41585029BA}
	EndGlobalSection
EndGlobal
